<?xml version="1.0" encoding="utf-8"?>
<Project ToolsVersion="4.0" xmlns="http://schemas.microsoft.com/developer/msbuild/2003">
  <ItemGroup>
    <Filter Include="OasisEngine">
      <UniqueIdentifier>{FAD54B13-668B-C408-EF7F-BEDF5B34BB0C}</UniqueIdentifier>
    </Filter>
  </ItemGroup>
  <ItemGroup>
    <ClInclude Include="src\Oasis.h" />
    <ClInclude Include="src\OasisEngine\Application.h">
      <Filter>OasisEngine</Filter>
    </ClInclude>
    <ClInclude Include="src\OasisEngine\Core.h">
      <Filter>OasisEngine</Filter>
    </ClInclude>
    <ClInclude Include="src\OasisEngine\Entrypoint.h">
      <Filter>OasisEngine</Filter>
    </ClInclude>
    <ClInclude Include="src\OasisEngine\Log.h">
      <Filter>OasisEngine</Filter>
    </ClInclude>
  </ItemGroup>
  <ItemGroup>
    <ClCompile Include="src\OasisEngine\Application.cpp">
      <Filter>OasisEngine</Filter>
    </ClCompile>
    <ClCompile Include="src\OasisEngine\Log.cpp">
      <Filter>OasisEngine</Filter>
    </ClCompile>
  </ItemGroup>
</Project>